{
  "name": "ipfs-js_upload_test",
  "version": "1.0.0",
  "lockfileVersion": 2,
  "requires": true,
  "packages": {
    "": {
      "name": "ipfs-js_upload_test",
      "version": "1.0.0",
      "license": "ISC",
      "dependencies": {
        "js-ipfs": "^0.0.301"
      }
    },
    "node_modules/js-ipfs": {
      "version": "0.0.301",
      "resolved": "https://registry.npmjs.org/js-ipfs/-/js-ipfs-0.0.301.tgz",
      "integrity": "sha1-RG3IDozQbPwQuYglcg6O7ubv680=",
      "deprecated": "Use the ipfs module instead -- https://www.npmjs.com/package/ipfs --"
    }
  },
  "dependencies": {
    "js-ipfs": {
      "version": "0.0.301",
      "resolved": "https://registry.npmjs.org/js-ipfs/-/js-ipfs-0.0.301.tgz",
      "integrity": "sha1-RG3IDozQbPwQuYglcg6O7ubv680="
    }
  }
}
